
Microsoft Visual Studio Solution File, Format Version 12.00
# Visual Studio 15
VisualStudioVersion = 15.0.26403.7
MinimumVisualStudioVersion = 10.0.40219.1
Project("{2150E333-8FDC-42A3-9474-1A3956D46DE8}") = "FeralTic", "FeralTic", "{5F0D7AF2-A20D-44E4-9E22-953026C1DCE4}"
EndProject
Project("{2150E333-8FDC-42A3-9474-1A3956D46DE8}") = "Core", "Core", "{7B394D34-C5BF-49D8-83E2-A1DE8C102480}"
EndProject
Project("{2150E333-8FDC-42A3-9474-1A3956D46DE8}") = "Nodes", "Nodes", "{34741DBE-D233-4D94-BDD9-1469F48C2F16}"
EndProject
Project("{FAE04EC0-301F-11D3-BF4B-00C04F79EFBC}") = "VVVV.DX11.Core", "Core\VVVV.DX11.Core\VVVV.DX11.Core.csproj", "{71C0786D-2640-4E39-AA7B-83602F36F3A3}"
EndProject
Project("{FAE04EC0-301F-11D3-BF4B-00C04F79EFBC}") = "VVVV.DX11.Lib", "Core\VVVV.DX11.Lib\VVVV.DX11.Lib.csproj", "{C6EE17BB-1F48-44EA-8131-D299BC57748C}"
EndProject
Project("{FAE04EC0-301F-11D3-BF4B-00C04F79EFBC}") = "VVVV.DX11.Factories", "Core\VVVV.DX11.Factories\VVVV.DX11.Factories.csproj", "{A07A761E-EA4E-4F48-B42E-CD0539364DD0}"
EndProject
Project("{FAE04EC0-301F-11D3-BF4B-00C04F79EFBC}") = "VVVV.DX11.Nodes", "Nodes\VVVV.DX11.Nodes\VVVV.DX11.Nodes.csproj", "{08972D1A-D674-4CC1-BF56-FDB04E5FE730}"
EndProject
Project("{FAE04EC0-301F-11D3-BF4B-00C04F79EFBC}") = "VVVV.DX11.Nodes.Assimp", "Nodes\VVVV.DX11.Nodes.Assimp\VVVV.DX11.Nodes.Assimp.csproj", "{5EB993E1-CF42-433C-9463-0E46FC8C4FD6}"
EndProject
Project("{FAE04EC0-301F-11D3-BF4B-00C04F79EFBC}") = "VVVV.DX11.Nodes.Vlc", "Nodes\VVVV.DX11.Nodes.Vlc\VVVV.DX11.Nodes.Vlc.csproj", "{C6F7D284-30A7-4EF0-9D9C-4B635BDB3F1E}"
EndProject
Project("{FAE04EC0-301F-11D3-BF4B-00C04F79EFBC}") = "VVVV.DX11.Nodes.MSKinect", "Nodes\VVVV.DX11.Nodes.MSKinect\VVVV.DX11.Nodes.MSKinect.csproj", "{CAE46B4A-CB79-4E39-B318-BF76A2CB256F}"
EndProject
Project("{FAE04EC0-301F-11D3-BF4B-00C04F79EFBC}") = "FeralTic", "FeralTic\Core\FeralTic.csproj", "{9EAD0F44-E6AA-4363-BE4D-D944C1D35044}"
EndProject
Project("{2150E333-8FDC-42A3-9474-1A3956D46DE8}") = "Solution Items", "Solution Items", "{E3FB4F6F-CCA5-4A35-9899-1564D70C35AB}"
	ProjectSection(SolutionItems) = preProject
		CHANGELOG.md = CHANGELOG.md
		deploy.targets = deploy.targets
		SharpDX.References.targets = SharpDX.References.targets
		vvvv.DX11.Build.targets = vvvv.DX11.Build.targets
		vvvv.DX11.CoreImport.targets = vvvv.DX11.CoreImport.targets
		vvvv.DX11.References.targets = vvvv.DX11.References.targets
	EndProjectSection
EndProject
Project("{FAE04EC0-301F-11D3-BF4B-00C04F79EFBC}") = "VVVV.Nodes.DirectWrite", "Nodes\VVVV.Nodes.DirectWrite\VVVV.Nodes.DirectWrite.csproj", "{63DD04AC-9DF1-43B2-937F-82C30A2EB280}"
EndProject
Project("{FAE04EC0-301F-11D3-BF4B-00C04F79EFBC}") = "VVVV.DX11.Nodes.kinect2", "Nodes\VVVV.DX11.Nodes.kinect2\VVVV.DX11.Nodes.kinect2.csproj", "{F7A2D9C3-515C-4045-B8D1-4AE0CC8802CD}"
EndProject
Project("{FAE04EC0-301F-11D3-BF4B-00C04F79EFBC}") = "VVVV.DX11.Nodes.QrCode", "Nodes\VVVV.DX11.Nodes.QrCode\VVVV.DX11.Nodes.QrCode.csproj", "{347BF0F2-19E1-4B2B-B125-8AC265CB034A}"
EndProject
Project("{FAE04EC0-301F-11D3-BF4B-00C04F79EFBC}") = "VVVV.Nodes.Bullet", "Nodes\VVVV.DX11.Nodes.Bullet\VVVV.Nodes.Bullet.csproj", "{220F0ECF-6A3B-4DEF-9C34-95ED87DFE439}"
EndProject
Project("{FAE04EC0-301F-11D3-BF4B-00C04F79EFBC}") = "VVVV.DX11.Nodes.Experimental", "Nodes\VVVV.DX11.Nodes.Experimental\VVVV.DX11.Nodes.Experimental.csproj", "{C8C37C3D-8133-49C1-B227-EE4CFD216FFB}"
EndProject
Project("{FAE04EC0-301F-11D3-BF4B-00C04F79EFBC}") = "VVVV.DX11.Nodes.DShow", "Nodes\VVVV.DX11.Nodes.DShow\VVVV.DX11.Nodes.DShow.csproj", "{6A0AFB1F-8219-4A08-85F7-B7F19B66AC16}"
EndProject
Project("{FAE04EC0-301F-11D3-BF4B-00C04F79EFBC}") = "VVVV.DX11.Nodes.Text3d", "Nodes\VVVV.DX11.Nodes.Text3d\VVVV.DX11.Nodes.Text3d.csproj", "{57DC2927-DF1A-4204-9B1F-A9FA90D6F36E}"
EndProject
Project("{2150E333-8FDC-42A3-9474-1A3956D46DE8}") = "Tests", "Tests", "{FEA7F9FF-A8BC-4B3B-AC45-883E64EAA6AF}"
EndProject
Project("{FAE04EC0-301F-11D3-BF4B-00C04F79EFBC}") = "VVVV.DX11.Integration.Tests", "Tests\VVVV.DX11.Integration.Tests\VVVV.DX11.Integration.Tests.csproj", "{352D259C-FC16-4E03-BBBC-A1C720F7684A}"
EndProject
Project("{FAE04EC0-301F-11D3-BF4B-00C04F79EFBC}") = "VVVV.DX11.Nodes.Text", "Nodes\VVVV.DX11.Nodes.Text\VVVV.DX11.Nodes.Text.csproj", "{597DA607-77EA-4009-9EA0-DB96F71F8077}"
EndProject
Global
	GlobalSection(SolutionConfigurationPlatforms) = preSolution
		Debug|Any CPU = Debug|Any CPU
		Debug|x64 = Debug|x64
		Debug|x86 = Debug|x86
		Release|Any CPU = Release|Any CPU
		Release|x64 = Release|x64
		Release|x86 = Release|x86
	EndGlobalSection
	GlobalSection(ProjectConfigurationPlatforms) = postSolution
		{71C0786D-2640-4E39-AA7B-83602F36F3A3}.Debug|Any CPU.ActiveCfg = Debug|x86
		{71C0786D-2640-4E39-AA7B-83602F36F3A3}.Debug|x64.ActiveCfg = Debug|x64
		{71C0786D-2640-4E39-AA7B-83602F36F3A3}.Debug|x64.Build.0 = Debug|x64
		{71C0786D-2640-4E39-AA7B-83602F36F3A3}.Debug|x86.ActiveCfg = Debug|x86
		{71C0786D-2640-4E39-AA7B-83602F36F3A3}.Debug|x86.Build.0 = Debug|x86
		{71C0786D-2640-4E39-AA7B-83602F36F3A3}.Release|Any CPU.ActiveCfg = Release|x86
		{71C0786D-2640-4E39-AA7B-83602F36F3A3}.Release|x64.ActiveCfg = Release|x64
		{71C0786D-2640-4E39-AA7B-83602F36F3A3}.Release|x64.Build.0 = Release|x64
		{71C0786D-2640-4E39-AA7B-83602F36F3A3}.Release|x86.ActiveCfg = Release|x86
		{71C0786D-2640-4E39-AA7B-83602F36F3A3}.Release|x86.Build.0 = Release|x86
		{C6EE17BB-1F48-44EA-8131-D299BC57748C}.Debug|Any CPU.ActiveCfg = Debug|x86
		{C6EE17BB-1F48-44EA-8131-D299BC57748C}.Debug|x64.ActiveCfg = Debug|x64
		{C6EE17BB-1F48-44EA-8131-D299BC57748C}.Debug|x64.Build.0 = Debug|x64
		{C6EE17BB-1F48-44EA-8131-D299BC57748C}.Debug|x86.ActiveCfg = Debug|x86
		{C6EE17BB-1F48-44EA-8131-D299BC57748C}.Debug|x86.Build.0 = Debug|x86
		{C6EE17BB-1F48-44EA-8131-D299BC57748C}.Release|Any CPU.ActiveCfg = Release|x86
		{C6EE17BB-1F48-44EA-8131-D299BC57748C}.Release|x64.ActiveCfg = Release|x64
		{C6EE17BB-1F48-44EA-8131-D299BC57748C}.Release|x64.Build.0 = Release|x64
		{C6EE17BB-1F48-44EA-8131-D299BC57748C}.Release|x86.ActiveCfg = Release|x86
		{C6EE17BB-1F48-44EA-8131-D299BC57748C}.Release|x86.Build.0 = Release|x86
		{A07A761E-EA4E-4F48-B42E-CD0539364DD0}.Debug|Any CPU.ActiveCfg = Debug|x86
		{A07A761E-EA4E-4F48-B42E-CD0539364DD0}.Debug|x64.ActiveCfg = Debug|x64
		{A07A761E-EA4E-4F48-B42E-CD0539364DD0}.Debug|x64.Build.0 = Debug|x64
		{A07A761E-EA4E-4F48-B42E-CD0539364DD0}.Debug|x86.ActiveCfg = Debug|x86
		{A07A761E-EA4E-4F48-B42E-CD0539364DD0}.Debug|x86.Build.0 = Debug|x86
		{A07A761E-EA4E-4F48-B42E-CD0539364DD0}.Release|Any CPU.ActiveCfg = Release|x86
		{A07A761E-EA4E-4F48-B42E-CD0539364DD0}.Release|x64.ActiveCfg = Release|x64
		{A07A761E-EA4E-4F48-B42E-CD0539364DD0}.Release|x64.Build.0 = Release|x64
		{A07A761E-EA4E-4F48-B42E-CD0539364DD0}.Release|x86.ActiveCfg = Release|x86
		{A07A761E-EA4E-4F48-B42E-CD0539364DD0}.Release|x86.Build.0 = Release|x86
		{08972D1A-D674-4CC1-BF56-FDB04E5FE730}.Debug|Any CPU.ActiveCfg = Debug|x86
		{08972D1A-D674-4CC1-BF56-FDB04E5FE730}.Debug|x64.ActiveCfg = Debug|x64
		{08972D1A-D674-4CC1-BF56-FDB04E5FE730}.Debug|x64.Build.0 = Debug|x64
		{08972D1A-D674-4CC1-BF56-FDB04E5FE730}.Debug|x86.ActiveCfg = Debug|x86
		{08972D1A-D674-4CC1-BF56-FDB04E5FE730}.Debug|x86.Build.0 = Debug|x86
		{08972D1A-D674-4CC1-BF56-FDB04E5FE730}.Release|Any CPU.ActiveCfg = Release|x86
		{08972D1A-D674-4CC1-BF56-FDB04E5FE730}.Release|x64.ActiveCfg = Release|x64
		{08972D1A-D674-4CC1-BF56-FDB04E5FE730}.Release|x64.Build.0 = Release|x64
		{08972D1A-D674-4CC1-BF56-FDB04E5FE730}.Release|x86.ActiveCfg = Release|x86
		{08972D1A-D674-4CC1-BF56-FDB04E5FE730}.Release|x86.Build.0 = Release|x86
		{5EB993E1-CF42-433C-9463-0E46FC8C4FD6}.Debug|Any CPU.ActiveCfg = Debug|x86
		{5EB993E1-CF42-433C-9463-0E46FC8C4FD6}.Debug|x64.ActiveCfg = Debug|x64
		{5EB993E1-CF42-433C-9463-0E46FC8C4FD6}.Debug|x64.Build.0 = Debug|x64
		{5EB993E1-CF42-433C-9463-0E46FC8C4FD6}.Debug|x86.ActiveCfg = Debug|x86
		{5EB993E1-CF42-433C-9463-0E46FC8C4FD6}.Debug|x86.Build.0 = Debug|x86
		{5EB993E1-CF42-433C-9463-0E46FC8C4FD6}.Release|Any CPU.ActiveCfg = Release|x86
		{5EB993E1-CF42-433C-9463-0E46FC8C4FD6}.Release|x64.ActiveCfg = Release|x64
		{5EB993E1-CF42-433C-9463-0E46FC8C4FD6}.Release|x64.Build.0 = Release|x64
		{5EB993E1-CF42-433C-9463-0E46FC8C4FD6}.Release|x86.ActiveCfg = Release|x86
		{5EB993E1-CF42-433C-9463-0E46FC8C4FD6}.Release|x86.Build.0 = Release|x86
		{C6F7D284-30A7-4EF0-9D9C-4B635BDB3F1E}.Debug|Any CPU.ActiveCfg = Debug|x86
		{C6F7D284-30A7-4EF0-9D9C-4B635BDB3F1E}.Debug|x64.ActiveCfg = Debug|x64
		{C6F7D284-30A7-4EF0-9D9C-4B635BDB3F1E}.Debug|x64.Build.0 = Debug|x64
		{C6F7D284-30A7-4EF0-9D9C-4B635BDB3F1E}.Debug|x86.ActiveCfg = Debug|x86
		{C6F7D284-30A7-4EF0-9D9C-4B635BDB3F1E}.Debug|x86.Build.0 = Debug|x86
		{C6F7D284-30A7-4EF0-9D9C-4B635BDB3F1E}.Release|Any CPU.ActiveCfg = Release|x86
		{C6F7D284-30A7-4EF0-9D9C-4B635BDB3F1E}.Release|x64.ActiveCfg = Release|x64
		{C6F7D284-30A7-4EF0-9D9C-4B635BDB3F1E}.Release|x64.Build.0 = Release|x64
		{C6F7D284-30A7-4EF0-9D9C-4B635BDB3F1E}.Release|x86.ActiveCfg = Release|x86
		{C6F7D284-30A7-4EF0-9D9C-4B635BDB3F1E}.Release|x86.Build.0 = Release|x86
		{CAE46B4A-CB79-4E39-B318-BF76A2CB256F}.Debug|Any CPU.ActiveCfg = Debug|x86
		{CAE46B4A-CB79-4E39-B318-BF76A2CB256F}.Debug|x64.ActiveCfg = Debug|x64
		{CAE46B4A-CB79-4E39-B318-BF76A2CB256F}.Debug|x64.Build.0 = Debug|x64
		{CAE46B4A-CB79-4E39-B318-BF76A2CB256F}.Debug|x86.ActiveCfg = Debug|x86
		{CAE46B4A-CB79-4E39-B318-BF76A2CB256F}.Debug|x86.Build.0 = Debug|x86
		{CAE46B4A-CB79-4E39-B318-BF76A2CB256F}.Release|Any CPU.ActiveCfg = Release|x86
		{CAE46B4A-CB79-4E39-B318-BF76A2CB256F}.Release|x64.ActiveCfg = Release|x64
		{CAE46B4A-CB79-4E39-B318-BF76A2CB256F}.Release|x64.Build.0 = Release|x64
		{CAE46B4A-CB79-4E39-B318-BF76A2CB256F}.Release|x86.ActiveCfg = Release|x86
		{CAE46B4A-CB79-4E39-B318-BF76A2CB256F}.Release|x86.Build.0 = Release|x86
		{9EAD0F44-E6AA-4363-BE4D-D944C1D35044}.Debug|Any CPU.ActiveCfg = Debug|x86
		{9EAD0F44-E6AA-4363-BE4D-D944C1D35044}.Debug|x64.ActiveCfg = Debug|x64
		{9EAD0F44-E6AA-4363-BE4D-D944C1D35044}.Debug|x64.Build.0 = Debug|x64
		{9EAD0F44-E6AA-4363-BE4D-D944C1D35044}.Debug|x86.ActiveCfg = Debug|x86
		{9EAD0F44-E6AA-4363-BE4D-D944C1D35044}.Debug|x86.Build.0 = Debug|x86
		{9EAD0F44-E6AA-4363-BE4D-D944C1D35044}.Release|Any CPU.ActiveCfg = Release|x86
		{9EAD0F44-E6AA-4363-BE4D-D944C1D35044}.Release|x64.ActiveCfg = Release|x64
		{9EAD0F44-E6AA-4363-BE4D-D944C1D35044}.Release|x64.Build.0 = Release|x64
		{9EAD0F44-E6AA-4363-BE4D-D944C1D35044}.Release|x86.ActiveCfg = Release|x86
		{9EAD0F44-E6AA-4363-BE4D-D944C1D35044}.Release|x86.Build.0 = Release|x86
		{63DD04AC-9DF1-43B2-937F-82C30A2EB280}.Debug|Any CPU.ActiveCfg = Debug|x86
		{63DD04AC-9DF1-43B2-937F-82C30A2EB280}.Debug|x64.ActiveCfg = Debug|x64
		{63DD04AC-9DF1-43B2-937F-82C30A2EB280}.Debug|x64.Build.0 = Debug|x64
		{63DD04AC-9DF1-43B2-937F-82C30A2EB280}.Debug|x86.ActiveCfg = Debug|x86
		{63DD04AC-9DF1-43B2-937F-82C30A2EB280}.Debug|x86.Build.0 = Debug|x86
		{63DD04AC-9DF1-43B2-937F-82C30A2EB280}.Release|Any CPU.ActiveCfg = Release|x86
		{63DD04AC-9DF1-43B2-937F-82C30A2EB280}.Release|x64.ActiveCfg = Release|x64
		{63DD04AC-9DF1-43B2-937F-82C30A2EB280}.Release|x64.Build.0 = Release|x64
		{63DD04AC-9DF1-43B2-937F-82C30A2EB280}.Release|x86.ActiveCfg = Release|x86
		{63DD04AC-9DF1-43B2-937F-82C30A2EB280}.Release|x86.Build.0 = Release|x86
		{F7A2D9C3-515C-4045-B8D1-4AE0CC8802CD}.Debug|Any CPU.ActiveCfg = Debug|x86
		{F7A2D9C3-515C-4045-B8D1-4AE0CC8802CD}.Debug|x64.ActiveCfg = Debug|x64
		{F7A2D9C3-515C-4045-B8D1-4AE0CC8802CD}.Debug|x64.Build.0 = Debug|x64
		{F7A2D9C3-515C-4045-B8D1-4AE0CC8802CD}.Debug|x86.ActiveCfg = Debug|x86
		{F7A2D9C3-515C-4045-B8D1-4AE0CC8802CD}.Release|Any CPU.ActiveCfg = Release|x86
		{F7A2D9C3-515C-4045-B8D1-4AE0CC8802CD}.Release|x64.ActiveCfg = Release|x64
		{F7A2D9C3-515C-4045-B8D1-4AE0CC8802CD}.Release|x64.Build.0 = Release|x64
		{F7A2D9C3-515C-4045-B8D1-4AE0CC8802CD}.Release|x86.ActiveCfg = Release|x86
		{347BF0F2-19E1-4B2B-B125-8AC265CB034A}.Debug|Any CPU.ActiveCfg = Debug|x86
		{347BF0F2-19E1-4B2B-B125-8AC265CB034A}.Debug|x64.ActiveCfg = Debug|x64
		{347BF0F2-19E1-4B2B-B125-8AC265CB034A}.Debug|x64.Build.0 = Debug|x64
		{347BF0F2-19E1-4B2B-B125-8AC265CB034A}.Debug|x86.ActiveCfg = Debug|x86
		{347BF0F2-19E1-4B2B-B125-8AC265CB034A}.Debug|x86.Build.0 = Debug|x86
		{347BF0F2-19E1-4B2B-B125-8AC265CB034A}.Release|Any CPU.ActiveCfg = Release|x86
		{347BF0F2-19E1-4B2B-B125-8AC265CB034A}.Release|x64.ActiveCfg = Release|x64
		{347BF0F2-19E1-4B2B-B125-8AC265CB034A}.Release|x64.Build.0 = Release|x64
		{347BF0F2-19E1-4B2B-B125-8AC265CB034A}.Release|x86.ActiveCfg = Release|x86
		{347BF0F2-19E1-4B2B-B125-8AC265CB034A}.Release|x86.Build.0 = Release|x86
		{220F0ECF-6A3B-4DEF-9C34-95ED87DFE439}.Debug|Any CPU.ActiveCfg = Debug|x86
		{220F0ECF-6A3B-4DEF-9C34-95ED87DFE439}.Debug|x64.ActiveCfg = Debug|x64
		{220F0ECF-6A3B-4DEF-9C34-95ED87DFE439}.Debug|x64.Build.0 = Debug|x64
		{220F0ECF-6A3B-4DEF-9C34-95ED87DFE439}.Debug|x86.ActiveCfg = Debug|x86
		{220F0ECF-6A3B-4DEF-9C34-95ED87DFE439}.Debug|x86.Build.0 = Debug|x86
		{220F0ECF-6A3B-4DEF-9C34-95ED87DFE439}.Release|Any CPU.ActiveCfg = Release|x86
		{220F0ECF-6A3B-4DEF-9C34-95ED87DFE439}.Release|x64.ActiveCfg = Release|x64
		{220F0ECF-6A3B-4DEF-9C34-95ED87DFE439}.Release|x64.Build.0 = Release|x64
		{220F0ECF-6A3B-4DEF-9C34-95ED87DFE439}.Release|x86.ActiveCfg = Release|x86
		{220F0ECF-6A3B-4DEF-9C34-95ED87DFE439}.Release|x86.Build.0 = Release|x86
		{C8C37C3D-8133-49C1-B227-EE4CFD216FFB}.Debug|Any CPU.ActiveCfg = Debug|x86
		{C8C37C3D-8133-49C1-B227-EE4CFD216FFB}.Debug|x64.ActiveCfg = Debug|x64
		{C8C37C3D-8133-49C1-B227-EE4CFD216FFB}.Debug|x64.Build.0 = Debug|x64
		{C8C37C3D-8133-49C1-B227-EE4CFD216FFB}.Debug|x86.ActiveCfg = Debug|x86
		{C8C37C3D-8133-49C1-B227-EE4CFD216FFB}.Debug|x86.Build.0 = Debug|x86
		{C8C37C3D-8133-49C1-B227-EE4CFD216FFB}.Release|Any CPU.ActiveCfg = Release|x86
		{C8C37C3D-8133-49C1-B227-EE4CFD216FFB}.Release|x64.ActiveCfg = Release|x64
		{C8C37C3D-8133-49C1-B227-EE4CFD216FFB}.Release|x64.Build.0 = Release|x64
		{C8C37C3D-8133-49C1-B227-EE4CFD216FFB}.Release|x86.ActiveCfg = Release|x86
		{C8C37C3D-8133-49C1-B227-EE4CFD216FFB}.Release|x86.Build.0 = Release|x86
		{6A0AFB1F-8219-4A08-85F7-B7F19B66AC16}.Debug|Any CPU.ActiveCfg = Debug|x86
		{6A0AFB1F-8219-4A08-85F7-B7F19B66AC16}.Debug|x64.ActiveCfg = Debug|x64
		{6A0AFB1F-8219-4A08-85F7-B7F19B66AC16}.Debug|x64.Build.0 = Debug|x64
		{6A0AFB1F-8219-4A08-85F7-B7F19B66AC16}.Debug|x86.ActiveCfg = Debug|x86
		{6A0AFB1F-8219-4A08-85F7-B7F19B66AC16}.Debug|x86.Build.0 = Debug|x86
		{6A0AFB1F-8219-4A08-85F7-B7F19B66AC16}.Release|Any CPU.ActiveCfg = Release|x86
		{6A0AFB1F-8219-4A08-85F7-B7F19B66AC16}.Release|x64.ActiveCfg = Release|x64
		{6A0AFB1F-8219-4A08-85F7-B7F19B66AC16}.Release|x64.Build.0 = Release|x64
		{6A0AFB1F-8219-4A08-85F7-B7F19B66AC16}.Release|x86.ActiveCfg = Release|x86
		{6A0AFB1F-8219-4A08-85F7-B7F19B66AC16}.Release|x86.Build.0 = Release|x86
		{57DC2927-DF1A-4204-9B1F-A9FA90D6F36E}.Debug|Any CPU.ActiveCfg = Debug|x86
		{57DC2927-DF1A-4204-9B1F-A9FA90D6F36E}.Debug|x64.ActiveCfg = Debug|x64
		{57DC2927-DF1A-4204-9B1F-A9FA90D6F36E}.Debug|x64.Build.0 = Debug|x64
		{57DC2927-DF1A-4204-9B1F-A9FA90D6F36E}.Debug|x86.ActiveCfg = Debug|x86
		{57DC2927-DF1A-4204-9B1F-A9FA90D6F36E}.Debug|x86.Build.0 = Debug|x86
		{57DC2927-DF1A-4204-9B1F-A9FA90D6F36E}.Release|Any CPU.ActiveCfg = Release|x86
		{57DC2927-DF1A-4204-9B1F-A9FA90D6F36E}.Release|x64.ActiveCfg = Release|x64
		{57DC2927-DF1A-4204-9B1F-A9FA90D6F36E}.Release|x64.Build.0 = Release|x64
		{57DC2927-DF1A-4204-9B1F-A9FA90D6F36E}.Release|x86.ActiveCfg = Release|x86
		{57DC2927-DF1A-4204-9B1F-A9FA90D6F36E}.Release|x86.Build.0 = Release|x86
		{352D259C-FC16-4E03-BBBC-A1C720F7684A}.Debug|Any CPU.ActiveCfg = Debug|x86
		{352D259C-FC16-4E03-BBBC-A1C720F7684A}.Debug|x64.ActiveCfg = Debug|x64
		{352D259C-FC16-4E03-BBBC-A1C720F7684A}.Debug|x64.Build.0 = Debug|x64
		{352D259C-FC16-4E03-BBBC-A1C720F7684A}.Debug|x86.ActiveCfg = Debug|x86
		{352D259C-FC16-4E03-BBBC-A1C720F7684A}.Debug|x86.Build.0 = Debug|x86
		{352D259C-FC16-4E03-BBBC-A1C720F7684A}.Release|Any CPU.ActiveCfg = Release|x86
		{352D259C-FC16-4E03-BBBC-A1C720F7684A}.Release|x64.ActiveCfg = Release|x64
		{352D259C-FC16-4E03-BBBC-A1C720F7684A}.Release|x86.ActiveCfg = Release|x86
		{352D259C-FC16-4E03-BBBC-A1C720F7684A}.Release|x86.Build.0 = Release|x86
		{597DA607-77EA-4009-9EA0-DB96F71F8077}.Debug|Any CPU.ActiveCfg = Debug|x86
		{597DA607-77EA-4009-9EA0-DB96F71F8077}.Debug|x64.ActiveCfg = Debug|x64
		{597DA607-77EA-4009-9EA0-DB96F71F8077}.Debug|x64.Build.0 = Debug|x64
		{597DA607-77EA-4009-9EA0-DB96F71F8077}.Debug|x86.ActiveCfg = Debug|x86
		{597DA607-77EA-4009-9EA0-DB96F71F8077}.Debug|x86.Build.0 = Debug|x86
		{597DA607-77EA-4009-9EA0-DB96F71F8077}.Release|Any CPU.ActiveCfg = Release|x86
		{597DA607-77EA-4009-9EA0-DB96F71F8077}.Release|x64.ActiveCfg = Release|x64
		{597DA607-77EA-4009-9EA0-DB96F71F8077}.Release|x64.Build.0 = Release|x64
		{597DA607-77EA-4009-9EA0-DB96F71F8077}.Release|x86.ActiveCfg = Release|x86
		{597DA607-77EA-4009-9EA0-DB96F71F8077}.Release|x86.Build.0 = Release|x86
	EndGlobalSection
	GlobalSection(SolutionProperties) = preSolution
		HideSolutionNode = FALSE
	EndGlobalSection
	GlobalSection(NestedProjects) = preSolution
		{71C0786D-2640-4E39-AA7B-83602F36F3A3} = {7B394D34-C5BF-49D8-83E2-A1DE8C102480}
		{C6EE17BB-1F48-44EA-8131-D299BC57748C} = {7B394D34-C5BF-49D8-83E2-A1DE8C102480}
		{A07A761E-EA4E-4F48-B42E-CD0539364DD0} = {7B394D34-C5BF-49D8-83E2-A1DE8C102480}
		{08972D1A-D674-4CC1-BF56-FDB04E5FE730} = {34741DBE-D233-4D94-BDD9-1469F48C2F16}
		{5EB993E1-CF42-433C-9463-0E46FC8C4FD6} = {34741DBE-D233-4D94-BDD9-1469F48C2F16}
		{C6F7D284-30A7-4EF0-9D9C-4B635BDB3F1E} = {34741DBE-D233-4D94-BDD9-1469F48C2F16}
		{CAE46B4A-CB79-4E39-B318-BF76A2CB256F} = {34741DBE-D233-4D94-BDD9-1469F48C2F16}
		{9EAD0F44-E6AA-4363-BE4D-D944C1D35044} = {5F0D7AF2-A20D-44E4-9E22-953026C1DCE4}
		{63DD04AC-9DF1-43B2-937F-82C30A2EB280} = {34741DBE-D233-4D94-BDD9-1469F48C2F16}
		{F7A2D9C3-515C-4045-B8D1-4AE0CC8802CD} = {34741DBE-D233-4D94-BDD9-1469F48C2F16}
		{347BF0F2-19E1-4B2B-B125-8AC265CB034A} = {34741DBE-D233-4D94-BDD9-1469F48C2F16}
		{220F0ECF-6A3B-4DEF-9C34-95ED87DFE439} = {34741DBE-D233-4D94-BDD9-1469F48C2F16}
		{C8C37C3D-8133-49C1-B227-EE4CFD216FFB} = {34741DBE-D233-4D94-BDD9-1469F48C2F16}
		{6A0AFB1F-8219-4A08-85F7-B7F19B66AC16} = {34741DBE-D233-4D94-BDD9-1469F48C2F16}
		{57DC2927-DF1A-4204-9B1F-A9FA90D6F36E} = {34741DBE-D233-4D94-BDD9-1469F48C2F16}
		{352D259C-FC16-4E03-BBBC-A1C720F7684A} = {FEA7F9FF-A8BC-4B3B-AC45-883E64EAA6AF}
		{597DA607-77EA-4009-9EA0-DB96F71F8077} = {34741DBE-D233-4D94-BDD9-1469F48C2F16}
	EndGlobalSection
EndGlobal
