
Microsoft Visual Studio Solution File, Format Version 11.00
# Visual Studio 2010
Project("{2150E333-8FDC-42A3-9474-1A3956D46DE8}") = "FeralTic", "FeralTic", "{5F0D7AF2-A20D-44E4-9E22-953026C1DCE4}"
EndProject
Project("{2150E333-8FDC-42A3-9474-1A3956D46DE8}") = "Core", "Core", "{7B394D34-C5BF-49D8-83E2-A1DE8C102480}"
EndProject
Project("{2150E333-8FDC-42A3-9474-1A3956D46DE8}") = "Nodes", "Nodes", "{34741DBE-D233-4D94-BDD9-1469F48C2F16}"
EndProject
Project("{FAE04EC0-301F-11D3-BF4B-00C04F79EFBC}") = "FeralTic", "..\FeralTic\Core\FeralTic.csproj", "{9EAD0F44-E6AA-4363-BE4D-D944C1D35044}"
EndProject
Project("{FAE04EC0-301F-11D3-BF4B-00C04F79EFBC}") = "VVVV.DX11.Core", "Core\VVVV.DX11.Core\VVVV.DX11.Core.csproj", "{71C0786D-2640-4E39-AA7B-83602F36F3A3}"
EndProject
Project("{FAE04EC0-301F-11D3-BF4B-00C04F79EFBC}") = "VVVV.DX11.Lib", "Core\VVVV.DX11.Lib\VVVV.DX11.Lib.csproj", "{C6EE17BB-1F48-44EA-8131-D299BC57748C}"
EndProject
Project("{FAE04EC0-301F-11D3-BF4B-00C04F79EFBC}") = "VVVV.DX11.Factories", "Core\VVVV.DX11.Factories\VVVV.DX11.Factories.csproj", "{A07A761E-EA4E-4F48-B42E-CD0539364DD0}"
EndProject
Project("{FAE04EC0-301F-11D3-BF4B-00C04F79EFBC}") = "VVVV.DX11.Nodes", "Nodes\VVVV.DX11.Nodes\VVVV.DX11.Nodes.csproj", "{08972D1A-D674-4CC1-BF56-FDB04E5FE730}"
EndProject
Project("{FAE04EC0-301F-11D3-BF4B-00C04F79EFBC}") = "VVVV.DX11.Nodes.Assimp", "Nodes\VVVV.DX11.Nodes.Assimp\VVVV.DX11.Nodes.Assimp.csproj", "{5EB993E1-CF42-433C-9463-0E46FC8C4FD6}"
EndProject
Global
	GlobalSection(SolutionConfigurationPlatforms) = preSolution
		Debug|x64 = Debug|x64
		Debug|x86 = Debug|x86
		Deploy_Debug|x64 = Deploy_Debug|x64
		Deploy_Debug|x86 = Deploy_Debug|x86
		Deploy_Release|x64 = Deploy_Release|x64
		Deploy_Release|x86 = Deploy_Release|x86
		Release|x64 = Release|x64
		Release|x86 = Release|x86
	EndGlobalSection
	GlobalSection(ProjectConfigurationPlatforms) = postSolution
		{9EAD0F44-E6AA-4363-BE4D-D944C1D35044}.Debug|x64.ActiveCfg = Debug|x64
		{9EAD0F44-E6AA-4363-BE4D-D944C1D35044}.Debug|x64.Build.0 = Debug|x64
		{9EAD0F44-E6AA-4363-BE4D-D944C1D35044}.Debug|x86.ActiveCfg = Debug|x86
		{9EAD0F44-E6AA-4363-BE4D-D944C1D35044}.Debug|x86.Build.0 = Debug|x86
		{9EAD0F44-E6AA-4363-BE4D-D944C1D35044}.Deploy_Debug|x64.ActiveCfg = Deploy_Debug|x64
		{9EAD0F44-E6AA-4363-BE4D-D944C1D35044}.Deploy_Debug|x64.Build.0 = Deploy_Debug|x64
		{9EAD0F44-E6AA-4363-BE4D-D944C1D35044}.Deploy_Debug|x86.ActiveCfg = Deploy_Debug|x86
		{9EAD0F44-E6AA-4363-BE4D-D944C1D35044}.Deploy_Debug|x86.Build.0 = Deploy_Debug|x86
		{9EAD0F44-E6AA-4363-BE4D-D944C1D35044}.Deploy_Release|x64.ActiveCfg = Deploy_Release|x64
		{9EAD0F44-E6AA-4363-BE4D-D944C1D35044}.Deploy_Release|x64.Build.0 = Deploy_Release|x64
		{9EAD0F44-E6AA-4363-BE4D-D944C1D35044}.Deploy_Release|x86.ActiveCfg = Deploy_Release|x86
		{9EAD0F44-E6AA-4363-BE4D-D944C1D35044}.Deploy_Release|x86.Build.0 = Deploy_Release|x86
		{9EAD0F44-E6AA-4363-BE4D-D944C1D35044}.Release|x64.ActiveCfg = Release|x64
		{9EAD0F44-E6AA-4363-BE4D-D944C1D35044}.Release|x64.Build.0 = Release|x64
		{9EAD0F44-E6AA-4363-BE4D-D944C1D35044}.Release|x86.ActiveCfg = Release|x86
		{9EAD0F44-E6AA-4363-BE4D-D944C1D35044}.Release|x86.Build.0 = Release|x86
		{71C0786D-2640-4E39-AA7B-83602F36F3A3}.Debug|x64.ActiveCfg = Debug|x64
		{71C0786D-2640-4E39-AA7B-83602F36F3A3}.Debug|x64.Build.0 = Debug|x64
		{71C0786D-2640-4E39-AA7B-83602F36F3A3}.Debug|x86.ActiveCfg = Debug|x86
		{71C0786D-2640-4E39-AA7B-83602F36F3A3}.Debug|x86.Build.0 = Debug|x86
		{71C0786D-2640-4E39-AA7B-83602F36F3A3}.Deploy_Debug|x64.ActiveCfg = Deploy_Debug|x64
		{71C0786D-2640-4E39-AA7B-83602F36F3A3}.Deploy_Debug|x64.Build.0 = Deploy_Debug|x64
		{71C0786D-2640-4E39-AA7B-83602F36F3A3}.Deploy_Debug|x86.ActiveCfg = Deploy_Debug|x86
		{71C0786D-2640-4E39-AA7B-83602F36F3A3}.Deploy_Debug|x86.Build.0 = Deploy_Debug|x86
		{71C0786D-2640-4E39-AA7B-83602F36F3A3}.Deploy_Release|x64.ActiveCfg = Deploy_Release|x64
		{71C0786D-2640-4E39-AA7B-83602F36F3A3}.Deploy_Release|x64.Build.0 = Deploy_Release|x64
		{71C0786D-2640-4E39-AA7B-83602F36F3A3}.Deploy_Release|x86.ActiveCfg = Deploy_Release|x86
		{71C0786D-2640-4E39-AA7B-83602F36F3A3}.Deploy_Release|x86.Build.0 = Deploy_Release|x86
		{71C0786D-2640-4E39-AA7B-83602F36F3A3}.Release|x64.ActiveCfg = Release|x64
		{71C0786D-2640-4E39-AA7B-83602F36F3A3}.Release|x64.Build.0 = Release|x64
		{71C0786D-2640-4E39-AA7B-83602F36F3A3}.Release|x86.ActiveCfg = Release|x86
		{71C0786D-2640-4E39-AA7B-83602F36F3A3}.Release|x86.Build.0 = Release|x86
		{C6EE17BB-1F48-44EA-8131-D299BC57748C}.Debug|x64.ActiveCfg = Debug|x64
		{C6EE17BB-1F48-44EA-8131-D299BC57748C}.Debug|x64.Build.0 = Debug|x64
		{C6EE17BB-1F48-44EA-8131-D299BC57748C}.Debug|x86.ActiveCfg = Debug|x86
		{C6EE17BB-1F48-44EA-8131-D299BC57748C}.Debug|x86.Build.0 = Debug|x86
		{C6EE17BB-1F48-44EA-8131-D299BC57748C}.Deploy_Debug|x64.ActiveCfg = Deploy_Debug|x64
		{C6EE17BB-1F48-44EA-8131-D299BC57748C}.Deploy_Debug|x64.Build.0 = Deploy_Debug|x64
		{C6EE17BB-1F48-44EA-8131-D299BC57748C}.Deploy_Debug|x86.ActiveCfg = Deploy_Debug|x86
		{C6EE17BB-1F48-44EA-8131-D299BC57748C}.Deploy_Debug|x86.Build.0 = Deploy_Debug|x86
		{C6EE17BB-1F48-44EA-8131-D299BC57748C}.Deploy_Release|x64.ActiveCfg = Deploy_Release|x64
		{C6EE17BB-1F48-44EA-8131-D299BC57748C}.Deploy_Release|x64.Build.0 = Deploy_Release|x64
		{C6EE17BB-1F48-44EA-8131-D299BC57748C}.Deploy_Release|x86.ActiveCfg = Deploy_Release|x86
		{C6EE17BB-1F48-44EA-8131-D299BC57748C}.Deploy_Release|x86.Build.0 = Deploy_Release|x86
		{C6EE17BB-1F48-44EA-8131-D299BC57748C}.Release|x64.ActiveCfg = Release|x64
		{C6EE17BB-1F48-44EA-8131-D299BC57748C}.Release|x64.Build.0 = Release|x64
		{C6EE17BB-1F48-44EA-8131-D299BC57748C}.Release|x86.ActiveCfg = Release|x86
		{C6EE17BB-1F48-44EA-8131-D299BC57748C}.Release|x86.Build.0 = Release|x86
		{A07A761E-EA4E-4F48-B42E-CD0539364DD0}.Debug|x64.ActiveCfg = Debug|x64
		{A07A761E-EA4E-4F48-B42E-CD0539364DD0}.Debug|x64.Build.0 = Debug|x64
		{A07A761E-EA4E-4F48-B42E-CD0539364DD0}.Debug|x86.ActiveCfg = Debug|x86
		{A07A761E-EA4E-4F48-B42E-CD0539364DD0}.Debug|x86.Build.0 = Debug|x86
		{A07A761E-EA4E-4F48-B42E-CD0539364DD0}.Deploy_Debug|x64.ActiveCfg = Deploy_Debug|x64
		{A07A761E-EA4E-4F48-B42E-CD0539364DD0}.Deploy_Debug|x64.Build.0 = Deploy_Debug|x64
		{A07A761E-EA4E-4F48-B42E-CD0539364DD0}.Deploy_Debug|x86.ActiveCfg = Deploy_Debug|x86
		{A07A761E-EA4E-4F48-B42E-CD0539364DD0}.Deploy_Debug|x86.Build.0 = Deploy_Debug|x86
		{A07A761E-EA4E-4F48-B42E-CD0539364DD0}.Deploy_Release|x64.ActiveCfg = Deploy_Release|x64
		{A07A761E-EA4E-4F48-B42E-CD0539364DD0}.Deploy_Release|x64.Build.0 = Deploy_Release|x64
		{A07A761E-EA4E-4F48-B42E-CD0539364DD0}.Deploy_Release|x86.ActiveCfg = Deploy_Release|x86
		{A07A761E-EA4E-4F48-B42E-CD0539364DD0}.Deploy_Release|x86.Build.0 = Deploy_Release|x86
		{A07A761E-EA4E-4F48-B42E-CD0539364DD0}.Release|x64.ActiveCfg = Release|x64
		{A07A761E-EA4E-4F48-B42E-CD0539364DD0}.Release|x64.Build.0 = Release|x64
		{A07A761E-EA4E-4F48-B42E-CD0539364DD0}.Release|x86.ActiveCfg = Release|x86
		{A07A761E-EA4E-4F48-B42E-CD0539364DD0}.Release|x86.Build.0 = Release|x86
		{08972D1A-D674-4CC1-BF56-FDB04E5FE730}.Debug|x64.ActiveCfg = Debug|x64
		{08972D1A-D674-4CC1-BF56-FDB04E5FE730}.Debug|x64.Build.0 = Debug|x64
		{08972D1A-D674-4CC1-BF56-FDB04E5FE730}.Debug|x86.ActiveCfg = Debug|x86
		{08972D1A-D674-4CC1-BF56-FDB04E5FE730}.Debug|x86.Build.0 = Debug|x86
		{08972D1A-D674-4CC1-BF56-FDB04E5FE730}.Deploy_Debug|x64.ActiveCfg = Deploy_Debug|x64
		{08972D1A-D674-4CC1-BF56-FDB04E5FE730}.Deploy_Debug|x64.Build.0 = Deploy_Debug|x64
		{08972D1A-D674-4CC1-BF56-FDB04E5FE730}.Deploy_Debug|x86.ActiveCfg = Deploy_Debug|x86
		{08972D1A-D674-4CC1-BF56-FDB04E5FE730}.Deploy_Debug|x86.Build.0 = Deploy_Debug|x86
		{08972D1A-D674-4CC1-BF56-FDB04E5FE730}.Deploy_Release|x64.ActiveCfg = Deploy_Release|x64
		{08972D1A-D674-4CC1-BF56-FDB04E5FE730}.Deploy_Release|x64.Build.0 = Deploy_Release|x64
		{08972D1A-D674-4CC1-BF56-FDB04E5FE730}.Deploy_Release|x86.ActiveCfg = Deploy_Release|x86
		{08972D1A-D674-4CC1-BF56-FDB04E5FE730}.Deploy_Release|x86.Build.0 = Deploy_Release|x86
		{08972D1A-D674-4CC1-BF56-FDB04E5FE730}.Release|x64.ActiveCfg = Release|x64
		{08972D1A-D674-4CC1-BF56-FDB04E5FE730}.Release|x64.Build.0 = Release|x64
		{08972D1A-D674-4CC1-BF56-FDB04E5FE730}.Release|x86.ActiveCfg = Release|x86
		{08972D1A-D674-4CC1-BF56-FDB04E5FE730}.Release|x86.Build.0 = Release|x86
		{5EB993E1-CF42-433C-9463-0E46FC8C4FD6}.Debug|x64.ActiveCfg = Debug|x64
		{5EB993E1-CF42-433C-9463-0E46FC8C4FD6}.Debug|x64.Build.0 = Debug|x64
		{5EB993E1-CF42-433C-9463-0E46FC8C4FD6}.Debug|x86.ActiveCfg = Debug|x86
		{5EB993E1-CF42-433C-9463-0E46FC8C4FD6}.Debug|x86.Build.0 = Debug|x86
		{5EB993E1-CF42-433C-9463-0E46FC8C4FD6}.Deploy_Debug|x64.ActiveCfg = Debug|x64
		{5EB993E1-CF42-433C-9463-0E46FC8C4FD6}.Deploy_Debug|x64.Build.0 = Debug|x64
		{5EB993E1-CF42-433C-9463-0E46FC8C4FD6}.Deploy_Debug|x86.ActiveCfg = Deploy_Debug|x86
		{5EB993E1-CF42-433C-9463-0E46FC8C4FD6}.Deploy_Debug|x86.Build.0 = Deploy_Debug|x86
		{5EB993E1-CF42-433C-9463-0E46FC8C4FD6}.Deploy_Release|x64.ActiveCfg = Release|x64
		{5EB993E1-CF42-433C-9463-0E46FC8C4FD6}.Deploy_Release|x64.Build.0 = Release|x64
		{5EB993E1-CF42-433C-9463-0E46FC8C4FD6}.Deploy_Release|x86.ActiveCfg = Deploy_Release|x86
		{5EB993E1-CF42-433C-9463-0E46FC8C4FD6}.Deploy_Release|x86.Build.0 = Deploy_Release|x86
		{5EB993E1-CF42-433C-9463-0E46FC8C4FD6}.Release|x64.ActiveCfg = Release|x64
		{5EB993E1-CF42-433C-9463-0E46FC8C4FD6}.Release|x64.Build.0 = Release|x64
		{5EB993E1-CF42-433C-9463-0E46FC8C4FD6}.Release|x86.ActiveCfg = Release|x86
		{5EB993E1-CF42-433C-9463-0E46FC8C4FD6}.Release|x86.Build.0 = Release|x86
	EndGlobalSection
	GlobalSection(SolutionProperties) = preSolution
		HideSolutionNode = FALSE
	EndGlobalSection
	GlobalSection(NestedProjects) = preSolution
		{9EAD0F44-E6AA-4363-BE4D-D944C1D35044} = {5F0D7AF2-A20D-44E4-9E22-953026C1DCE4}
		{71C0786D-2640-4E39-AA7B-83602F36F3A3} = {7B394D34-C5BF-49D8-83E2-A1DE8C102480}
		{C6EE17BB-1F48-44EA-8131-D299BC57748C} = {7B394D34-C5BF-49D8-83E2-A1DE8C102480}
		{A07A761E-EA4E-4F48-B42E-CD0539364DD0} = {7B394D34-C5BF-49D8-83E2-A1DE8C102480}
		{08972D1A-D674-4CC1-BF56-FDB04E5FE730} = {34741DBE-D233-4D94-BDD9-1469F48C2F16}
		{5EB993E1-CF42-433C-9463-0E46FC8C4FD6} = {34741DBE-D233-4D94-BDD9-1469F48C2F16}
	EndGlobalSection
EndGlobal
